
Microsoft Visual Studio Solution File, Format Version 12.00
# Visual Studio Version 16
VisualStudioVersion = 16.0.33214.272
MinimumVisualStudioVersion = 10.0.40219.1
Project("{FAE04EC0-301F-11D3-BF4B-00C04F79EFBC}") = "DMZWeaponStatScraper", "DMZWeaponStatScraper\DMZWeaponStatScraper.csproj", "{A04A9483-018E-4DD7-A40E-7511D87FA8DE}"
EndProject
Global
	GlobalSection(SolutionConfigurationPlatforms) = preSolution
		Debug|Any CPU = Debug|Any CPU
		Release|Any CPU = Release|Any CPU
	EndGlobalSection
	GlobalSection(ProjectConfigurationPlatforms) = postSolution
		{A04A9483-018E-4DD7-A40E-7511D87FA8DE}.Debug|Any CPU.ActiveCfg = Debug|Any CPU
		{A04A9483-018E-4DD7-A40E-7511D87FA8DE}.Debug|Any CPU.Build.0 = Debug|Any CPU
		{A04A9483-018E-4DD7-A40E-7511D87FA8DE}.Release|Any CPU.ActiveCfg = Release|Any CPU
		{A04A9483-018E-4DD7-A40E-7511D87FA8DE}.Release|Any CPU.Build.0 = Release|Any CPU
	EndGlobalSection
	GlobalSection(SolutionProperties) = preSolution
		HideSolutionNode = FALSE
	EndGlobalSection
	GlobalSection(ExtensibilityGlobals) = postSolution
		SolutionGuid = {2423A9FA-E202-4D0C-BF44-666CABCC3C0E}
	EndGlobalSection
EndGlobal
